
Microsoft Visual Studio Solution File, Format Version 12.00
# Visual Studio 2012
Project("{FAE04EC0-301F-11D3-BF4B-00C04F79EFBC}") = "HealthKit", "HealthKit\HealthKit.csproj", "{8E7CD9A0-A3E6-4D4B-AC8D-3519761738DA}"
EndProject
Global
	GlobalSection(SolutionConfigurationPlatforms) = preSolution
		Debug|iPhoneSimulator = Debug|iPhoneSimulator
		Release|iPhoneSimulator = Release|iPhoneSimulator
		Debug|iPhone = Debug|iPhone
		Release|iPhone = Release|iPhone
		Ad-Hoc|iPhone = Ad-Hoc|iPhone
		AppStore|iPhone = AppStore|iPhone
	EndGlobalSection
	GlobalSection(ProjectConfigurationPlatforms) = postSolution
		{8E7CD9A0-A3E6-4D4B-AC8D-3519761738DA}.Ad-Hoc|iPhone.ActiveCfg = Ad-Hoc|iPhone
		{8E7CD9A0-A3E6-4D4B-AC8D-3519761738DA}.Ad-Hoc|iPhone.Build.0 = Ad-Hoc|iPhone
		{8E7CD9A0-A3E6-4D4B-AC8D-3519761738DA}.AppStore|iPhone.ActiveCfg = AppStore|iPhone
		{8E7CD9A0-A3E6-4D4B-AC8D-3519761738DA}.AppStore|iPhone.Build.0 = AppStore|iPhone
		{8E7CD9A0-A3E6-4D4B-AC8D-3519761738DA}.Debug|iPhone.ActiveCfg = Debug|iPhone
		{8E7CD9A0-A3E6-4D4B-AC8D-3519761738DA}.Debug|iPhone.Build.0 = Debug|iPhone
		{8E7CD9A0-A3E6-4D4B-AC8D-3519761738DA}.Debug|iPhoneSimulator.ActiveCfg = Debug|iPhoneSimulator
		{8E7CD9A0-A3E6-4D4B-AC8D-3519761738DA}.Debug|iPhoneSimulator.Build.0 = Debug|iPhoneSimulator
		{8E7CD9A0-A3E6-4D4B-AC8D-3519761738DA}.Release|iPhone.ActiveCfg = Release|iPhone
		{8E7CD9A0-A3E6-4D4B-AC8D-3519761738DA}.Release|iPhone.Build.0 = Release|iPhone
		{8E7CD9A0-A3E6-4D4B-AC8D-3519761738DA}.Release|iPhoneSimulator.ActiveCfg = Release|iPhoneSimulator
		{8E7CD9A0-A3E6-4D4B-AC8D-3519761738DA}.Release|iPhoneSimulator.Build.0 = Release|iPhoneSimulator
	EndGlobalSection
	GlobalSection(MonoDevelopProperties) = preSolution
		StartupItem = HealthKit\HealthKit.csproj
	EndGlobalSection
EndGlobal
