
Microsoft Visual Studio Solution File, Format Version 12.00
# Visual Studio 2012
Project("{FAE04EC0-301F-11D3-BF4B-00C04F79EFBC}") = "HandOffSample", "HandOffSample\HandOffSample.csproj", "{484E360E-E2A0-4854-8263-1930A5132E6F}"
EndProject
Global
	GlobalSection(SolutionConfigurationPlatforms) = preSolution
		Debug|iPhoneSimulator = Debug|iPhoneSimulator
		Release|iPhoneSimulator = Release|iPhoneSimulator
		Debug|iPhone = Debug|iPhone
		Release|iPhone = Release|iPhone
		Ad-Hoc|iPhone = Ad-Hoc|iPhone
		AppStore|iPhone = AppStore|iPhone
	EndGlobalSection
	GlobalSection(ProjectConfigurationPlatforms) = postSolution
		{484E360E-E2A0-4854-8263-1930A5132E6F}.Ad-Hoc|iPhone.ActiveCfg = Ad-Hoc|iPhone
		{484E360E-E2A0-4854-8263-1930A5132E6F}.Ad-Hoc|iPhone.Build.0 = Ad-Hoc|iPhone
		{484E360E-E2A0-4854-8263-1930A5132E6F}.AppStore|iPhone.ActiveCfg = AppStore|iPhone
		{484E360E-E2A0-4854-8263-1930A5132E6F}.AppStore|iPhone.Build.0 = AppStore|iPhone
		{484E360E-E2A0-4854-8263-1930A5132E6F}.Debug|iPhone.ActiveCfg = Debug|iPhone
		{484E360E-E2A0-4854-8263-1930A5132E6F}.Debug|iPhone.Build.0 = Debug|iPhone
		{484E360E-E2A0-4854-8263-1930A5132E6F}.Debug|iPhoneSimulator.ActiveCfg = Debug|iPhoneSimulator
		{484E360E-E2A0-4854-8263-1930A5132E6F}.Debug|iPhoneSimulator.Build.0 = Debug|iPhoneSimulator
		{484E360E-E2A0-4854-8263-1930A5132E6F}.Release|iPhone.ActiveCfg = Release|iPhone
		{484E360E-E2A0-4854-8263-1930A5132E6F}.Release|iPhone.Build.0 = Release|iPhone
		{484E360E-E2A0-4854-8263-1930A5132E6F}.Release|iPhoneSimulator.ActiveCfg = Release|iPhoneSimulator
		{484E360E-E2A0-4854-8263-1930A5132E6F}.Release|iPhoneSimulator.Build.0 = Release|iPhoneSimulator
	EndGlobalSection
	GlobalSection(MonoDevelopProperties) = preSolution
		StartupItem = HandOffSample\HandOffSample.csproj
	EndGlobalSection
EndGlobal
